
Microsoft Visual Studio Solution File, Format Version 12.00
# Visual Studio Version 16
VisualStudioVersion = 16.0.30717.126
MinimumVisualStudioVersion = 10.0.40219.1
Project("{FAE04EC0-301F-11D3-BF4B-00C04F79EFBC}") = "Vidly", "Vidly\Vidly.csproj", "{F3F44053-F7E2-4513-BE4E-B9F1FD4BE61B}"
EndProject
Global
	GlobalSection(SolutionConfigurationPlatforms) = preSolution
		Debug|Any CPU = Debug|Any CPU
		Release|Any CPU = Release|Any CPU
	EndGlobalSection
	GlobalSection(ProjectConfigurationPlatforms) = postSolution
		{F3F44053-F7E2-4513-BE4E-B9F1FD4BE61B}.Debug|Any CPU.ActiveCfg = Debug|Any CPU
		{F3F44053-F7E2-4513-BE4E-B9F1FD4BE61B}.Debug|Any CPU.Build.0 = Debug|Any CPU
		{F3F44053-F7E2-4513-BE4E-B9F1FD4BE61B}.Release|Any CPU.ActiveCfg = Release|Any CPU
		{F3F44053-F7E2-4513-BE4E-B9F1FD4BE61B}.Release|Any CPU.Build.0 = Release|Any CPU
	EndGlobalSection
	GlobalSection(SolutionProperties) = preSolution
		HideSolutionNode = FALSE
	EndGlobalSection
	GlobalSection(ExtensibilityGlobals) = postSolution
		SolutionGuid = {FE261542-56A0-429B-8C2F-B3FBA7F0FB9F}
	EndGlobalSection
EndGlobal
